
Microsoft Visual Studio Solution File, Format Version 12.00
# Visual Studio Version 17
VisualStudioVersion = 17.6.33815.320
MinimumVisualStudioVersion = 10.0.40219.1
Project("{2150E333-8FDC-42A3-9474-1A3956D46DE8}") = "src", "src", "{102CC4C4-A8C8-461E-8EE7-34F106D423E9}"
EndProject
Project("{2150E333-8FDC-42A3-9474-1A3956D46DE8}") = "Solution Items", "Solution Items", "{80B59807-8FDD-4FE7-85DF-3268C12FBCA0}"
	ProjectSection(SolutionItems) = preProject
		ServicesUrl.txt = ServicesUrl.txt
	EndProjectSection
EndProject
Project("{2150E333-8FDC-42A3-9474-1A3956D46DE8}") = "ApiGateways", "ApiGateways", "{D852FE3C-68DE-4CD2-A705-52C559BBF9CD}"
EndProject
Project("{2150E333-8FDC-42A3-9474-1A3956D46DE8}") = "BuildingBlocks", "BuildingBlocks", "{22A43BCE-1A97-4044-9DEE-2D33FC5E3540}"
EndProject
Project("{2150E333-8FDC-42A3-9474-1A3956D46DE8}") = "Services", "Services", "{F1512071-90DD-4990-85C2-4140F6980C6A}"
EndProject
Project("{2150E333-8FDC-42A3-9474-1A3956D46DE8}") = "Clients", "Clients", "{A92E2259-EAA4-474A-8D3B-5DE089EF8499}"
EndProject
Project("{2150E333-8FDC-42A3-9474-1A3956D46DE8}") = "WebApiGateways", "WebApiGateways", "{9EA0B0DB-F9BF-41FB-9D6D-A6B0C512D8FC}"
EndProject
Project("{FAE04EC0-301F-11D3-BF4B-00C04F79EFBC}") = "Web.ApiGateway", "src\ApiGateways\WebApiGateways\Web.ApiGateway\Web.ApiGateway.csproj", "{23C9E153-E0F8-44B7-8464-4CB7DB38F901}"
EndProject
Project("{2150E333-8FDC-42A3-9474-1A3956D46DE8}") = "EventBus", "EventBus", "{A098CB70-BD6A-4AEA-B32A-659B1BE2D0AA}"
EndProject
Project("{FAE04EC0-301F-11D3-BF4B-00C04F79EFBC}") = "EventBus.Base", "src\BuildingBlocks\EventBus\EventBus.Base\EventBus.Base.csproj", "{39EC5118-1745-4E80-AD5C-1969FF632ED7}"
EndProject
Project("{FAE04EC0-301F-11D3-BF4B-00C04F79EFBC}") = "EventBus.Factory", "src\BuildingBlocks\EventBus\EventBus.Factory\EventBus.Factory.csproj", "{F5068639-95BF-4541-8E56-B0DFC3EDF509}"
EndProject
Project("{FAE04EC0-301F-11D3-BF4B-00C04F79EFBC}") = "EventBus.RabbitMq", "src\BuildingBlocks\EventBus\EventBus.RabbitMq\EventBus.RabbitMq.csproj", "{0C325210-F54E-48AA-B129-EB0686415FB5}"
EndProject
Project("{FAE04EC0-301F-11D3-BF4B-00C04F79EFBC}") = "EventBus.AzureServiceBus", "src\BuildingBlocks\EventBus\EventBus.AzureServiceBus\EventBus.AzureServiceBus.csproj", "{BF0542DD-DDF2-4650-971A-900704AB30BD}"
EndProject
Project("{2150E333-8FDC-42A3-9474-1A3956D46DE8}") = "WebApp", "WebApp", "{FE212B4D-275C-4EAB-8387-B4726B4AE5A3}"
EndProject
Project("{FAE04EC0-301F-11D3-BF4B-00C04F79EFBC}") = "BlazorWebApp", "src\Clients\WebApp\BlazorWebApp\BlazorWebApp.csproj", "{8B8F5CFA-F268-4C27-A230-FBB09EB837E1}"
EndProject
Project("{2150E333-8FDC-42A3-9474-1A3956D46DE8}") = "BasketService", "BasketService", "{80CE2525-473D-4259-B2A2-5F4462C85753}"
EndProject
Project("{FAE04EC0-301F-11D3-BF4B-00C04F79EFBC}") = "BasketService.Api", "src\Services\BasketService\BasketService.Api\BasketService.Api.csproj", "{20009836-B87B-4390-A3DF-7B5C791FECAC}"
EndProject
Project("{2150E333-8FDC-42A3-9474-1A3956D46DE8}") = "CatalogService", "CatalogService", "{C64FEA85-0370-4B40-A468-EBB7AB59BA92}"
EndProject
Project("{FAE04EC0-301F-11D3-BF4B-00C04F79EFBC}") = "CatalogService.Api", "src\Service\CatalogService\CatalogService.Api\CatalogService.Api.csproj", "{9566E915-0F72-4CBF-ADAF-34236BC2818E}"
EndProject
Project("{2150E333-8FDC-42A3-9474-1A3956D46DE8}") = "IdentityService", "IdentityService", "{4979C7B3-E661-4D64-8CD4-965088F0D770}"
EndProject
Project("{FAE04EC0-301F-11D3-BF4B-00C04F79EFBC}") = "IdentityService.Api", "src\Service\IdentityService\IdentityService.Api\IdentityService.Api.csproj", "{AD0EF70D-2658-453A-8740-54175F7FB0B2}"
EndProject
Project("{2150E333-8FDC-42A3-9474-1A3956D46DE8}") = "NotificationService", "NotificationService", "{0F707ADE-C207-4C5D-9B95-4EF6BEC2645E}"
EndProject
Project("{FAE04EC0-301F-11D3-BF4B-00C04F79EFBC}") = "NotificationService", "src\Service\NotificationService\NotificationService\NotificationService.csproj", "{9651BF55-936F-4867-B541-1D3314EC8063}"
EndProject
Project("{2150E333-8FDC-42A3-9474-1A3956D46DE8}") = "OrderService", "OrderService", "{3D07FDF8-3AF0-406E-A821-02112A5FA266}"
EndProject
Project("{FAE04EC0-301F-11D3-BF4B-00C04F79EFBC}") = "OrderService.Api", "src\Services\OrderService\OrderService.Api\OrderService.Api.csproj", "{971F0F26-79D5-4CDF-A5DA-9E63F2355D21}"
EndProject
Project("{FAE04EC0-301F-11D3-BF4B-00C04F79EFBC}") = "OrderService.Domain", "src\Services\OrderService\OrderService.Domain\OrderService.Domain.csproj", "{696B9491-1324-4AD1-BD16-7933B249643F}"
EndProject
Project("{FAE04EC0-301F-11D3-BF4B-00C04F79EFBC}") = "OrderService.Application", "src\Services\OrderService\OrderService.Application\OrderService.Application.csproj", "{F1C99067-2A35-452C-B1ED-F889C5433327}"
EndProject
Project("{FAE04EC0-301F-11D3-BF4B-00C04F79EFBC}") = "OrderService.Infrastructure", "src\Services\OrderService\OrderService.Infrastructure\OrderService.Infrastructure.csproj", "{DBF33AE1-D255-4EE5-A00D-B1B4148B34ED}"
EndProject
Project("{2150E333-8FDC-42A3-9474-1A3956D46DE8}") = "PaymentService", "PaymentService", "{105C2EEA-A99C-4FDF-8902-156AFCA1EB27}"
EndProject
Project("{FAE04EC0-301F-11D3-BF4B-00C04F79EFBC}") = "PaymentService.Api", "src\Services\PaymentService\PaymentService.Api\PaymentService.Api.csproj", "{0486E840-BF53-4C05-A20A-748845AE74DB}"
EndProject
Project("{FAE04EC0-301F-11D3-BF4B-00C04F79EFBC}") = "BasketService.Domain", "src\Services\BasketService\BasketService.Domain\BasketService.Domain.csproj", "{0193B533-C0FE-4700-9E6F-7081A03FFCA2}"
EndProject
Project("{FAE04EC0-301F-11D3-BF4B-00C04F79EFBC}") = "BasketService.Application", "src\Services\BasketService\BasketService.Application\BasketService.Application.csproj", "{1DB31161-12F3-4355-AC42-0CD2BAE22787}"
EndProject
Project("{FAE04EC0-301F-11D3-BF4B-00C04F79EFBC}") = "BasketService.Infrastructure", "src\Services\BasketService\BasketService.Infrastructure\BasketService.Infrastructure.csproj", "{73B1203A-49FB-489A-99CB-AE2808E63076}"
EndProject
Project("{FAE04EC0-301F-11D3-BF4B-00C04F79EFBC}") = "CatalogService.Domain", "src\Services\CatalogService\CatalogService.Domain\CatalogService.Domain.csproj", "{B90AFC8D-B93A-4380-B480-7B2914D84A87}"
EndProject
Project("{FAE04EC0-301F-11D3-BF4B-00C04F79EFBC}") = "CatalogService.Application", "src\Services\CatalogService\CatalogService.Application\CatalogService.Application.csproj", "{B4DF767A-3F98-4095-83D3-7EDD1D62D2E7}"
EndProject
Project("{FAE04EC0-301F-11D3-BF4B-00C04F79EFBC}") = "CatalogService.Infrastructure", "src\Services\CatalogService\CatalogService.Infrastructure\CatalogService.Infrastructure.csproj", "{D1384B50-64B5-4811-B40C-93B0BA6CDBC1}"
EndProject
Project("{FAE04EC0-301F-11D3-BF4B-00C04F79EFBC}") = "PaymentService.Domain", "src\Services\PaymentService\PaymentService.Domain\PaymentService.Domain.csproj", "{77F46734-DECA-4711-9B3E-A880A9910B30}"
EndProject
Project("{FAE04EC0-301F-11D3-BF4B-00C04F79EFBC}") = "PaymentService.Application", "src\Services\PaymentService\PaymentService.Application\PaymentService.Application.csproj", "{F49C94B1-D2B5-4ED1-BE90-263CC18FF123}"
EndProject
Project("{FAE04EC0-301F-11D3-BF4B-00C04F79EFBC}") = "PaymentService.Infrastructure", "src\Services\PaymentService\PaymentService.Infrastructure\PaymentService.Infrastructure.csproj", "{AC82159E-2B17-460A-A3FA-0A45FC698A7D}"
EndProject
Project("{FAE04EC0-301F-11D3-BF4B-00C04F79EFBC}") = "IdentityService.Domain", "src\Services\IdentityService\IdentityService.Domain\IdentityService.Domain.csproj", "{1E362AD3-B5ED-451B-B8CC-F1BFE42950FB}"
EndProject
Project("{FAE04EC0-301F-11D3-BF4B-00C04F79EFBC}") = "IdentityService.Application", "src\Services\IdentityService\IdentityService.Application\IdentityService.Application.csproj", "{E2EFB44F-6553-4331-BC6D-7378B42FF545}"
EndProject
Project("{FAE04EC0-301F-11D3-BF4B-00C04F79EFBC}") = "IdentityService.Infrastructure", "src\Services\IdentityService\IdentityService.Infrastructure\IdentityService.Infrastructure.csproj", "{B1C3820F-FFE9-4C68-98DF-587D8D628A20}"
EndProject
Global
	GlobalSection(SolutionConfigurationPlatforms) = preSolution
		Debug|Any CPU = Debug|Any CPU
		Release|Any CPU = Release|Any CPU
	EndGlobalSection
	GlobalSection(ProjectConfigurationPlatforms) = postSolution
		{23C9E153-E0F8-44B7-8464-4CB7DB38F901}.Debug|Any CPU.ActiveCfg = Debug|Any CPU
		{23C9E153-E0F8-44B7-8464-4CB7DB38F901}.Debug|Any CPU.Build.0 = Debug|Any CPU
		{23C9E153-E0F8-44B7-8464-4CB7DB38F901}.Release|Any CPU.ActiveCfg = Release|Any CPU
		{23C9E153-E0F8-44B7-8464-4CB7DB38F901}.Release|Any CPU.Build.0 = Release|Any CPU
		{39EC5118-1745-4E80-AD5C-1969FF632ED7}.Debug|Any CPU.ActiveCfg = Debug|Any CPU
		{39EC5118-1745-4E80-AD5C-1969FF632ED7}.Debug|Any CPU.Build.0 = Debug|Any CPU
		{39EC5118-1745-4E80-AD5C-1969FF632ED7}.Release|Any CPU.ActiveCfg = Release|Any CPU
		{39EC5118-1745-4E80-AD5C-1969FF632ED7}.Release|Any CPU.Build.0 = Release|Any CPU
		{F5068639-95BF-4541-8E56-B0DFC3EDF509}.Debug|Any CPU.ActiveCfg = Debug|Any CPU
		{F5068639-95BF-4541-8E56-B0DFC3EDF509}.Debug|Any CPU.Build.0 = Debug|Any CPU
		{F5068639-95BF-4541-8E56-B0DFC3EDF509}.Release|Any CPU.ActiveCfg = Release|Any CPU
		{F5068639-95BF-4541-8E56-B0DFC3EDF509}.Release|Any CPU.Build.0 = Release|Any CPU
		{0C325210-F54E-48AA-B129-EB0686415FB5}.Debug|Any CPU.ActiveCfg = Debug|Any CPU
		{0C325210-F54E-48AA-B129-EB0686415FB5}.Debug|Any CPU.Build.0 = Debug|Any CPU
		{0C325210-F54E-48AA-B129-EB0686415FB5}.Release|Any CPU.ActiveCfg = Release|Any CPU
		{0C325210-F54E-48AA-B129-EB0686415FB5}.Release|Any CPU.Build.0 = Release|Any CPU
		{BF0542DD-DDF2-4650-971A-900704AB30BD}.Debug|Any CPU.ActiveCfg = Debug|Any CPU
		{BF0542DD-DDF2-4650-971A-900704AB30BD}.Debug|Any CPU.Build.0 = Debug|Any CPU
		{BF0542DD-DDF2-4650-971A-900704AB30BD}.Release|Any CPU.ActiveCfg = Release|Any CPU
		{BF0542DD-DDF2-4650-971A-900704AB30BD}.Release|Any CPU.Build.0 = Release|Any CPU
		{8B8F5CFA-F268-4C27-A230-FBB09EB837E1}.Debug|Any CPU.ActiveCfg = Debug|Any CPU
		{8B8F5CFA-F268-4C27-A230-FBB09EB837E1}.Debug|Any CPU.Build.0 = Debug|Any CPU
		{8B8F5CFA-F268-4C27-A230-FBB09EB837E1}.Release|Any CPU.ActiveCfg = Release|Any CPU
		{8B8F5CFA-F268-4C27-A230-FBB09EB837E1}.Release|Any CPU.Build.0 = Release|Any CPU
		{20009836-B87B-4390-A3DF-7B5C791FECAC}.Debug|Any CPU.ActiveCfg = Debug|Any CPU
		{20009836-B87B-4390-A3DF-7B5C791FECAC}.Debug|Any CPU.Build.0 = Debug|Any CPU
		{20009836-B87B-4390-A3DF-7B5C791FECAC}.Release|Any CPU.ActiveCfg = Release|Any CPU
		{20009836-B87B-4390-A3DF-7B5C791FECAC}.Release|Any CPU.Build.0 = Release|Any CPU
		{9566E915-0F72-4CBF-ADAF-34236BC2818E}.Debug|Any CPU.ActiveCfg = Debug|Any CPU
		{9566E915-0F72-4CBF-ADAF-34236BC2818E}.Debug|Any CPU.Build.0 = Debug|Any CPU
		{9566E915-0F72-4CBF-ADAF-34236BC2818E}.Release|Any CPU.ActiveCfg = Release|Any CPU
		{9566E915-0F72-4CBF-ADAF-34236BC2818E}.Release|Any CPU.Build.0 = Release|Any CPU
		{AD0EF70D-2658-453A-8740-54175F7FB0B2}.Debug|Any CPU.ActiveCfg = Debug|Any CPU
		{AD0EF70D-2658-453A-8740-54175F7FB0B2}.Debug|Any CPU.Build.0 = Debug|Any CPU
		{AD0EF70D-2658-453A-8740-54175F7FB0B2}.Release|Any CPU.ActiveCfg = Release|Any CPU
		{AD0EF70D-2658-453A-8740-54175F7FB0B2}.Release|Any CPU.Build.0 = Release|Any CPU
		{9651BF55-936F-4867-B541-1D3314EC8063}.Debug|Any CPU.ActiveCfg = Debug|Any CPU
		{9651BF55-936F-4867-B541-1D3314EC8063}.Debug|Any CPU.Build.0 = Debug|Any CPU
		{9651BF55-936F-4867-B541-1D3314EC8063}.Release|Any CPU.ActiveCfg = Release|Any CPU
		{9651BF55-936F-4867-B541-1D3314EC8063}.Release|Any CPU.Build.0 = Release|Any CPU
		{971F0F26-79D5-4CDF-A5DA-9E63F2355D21}.Debug|Any CPU.ActiveCfg = Debug|Any CPU
		{971F0F26-79D5-4CDF-A5DA-9E63F2355D21}.Debug|Any CPU.Build.0 = Debug|Any CPU
		{971F0F26-79D5-4CDF-A5DA-9E63F2355D21}.Release|Any CPU.ActiveCfg = Release|Any CPU
		{971F0F26-79D5-4CDF-A5DA-9E63F2355D21}.Release|Any CPU.Build.0 = Release|Any CPU
		{696B9491-1324-4AD1-BD16-7933B249643F}.Debug|Any CPU.ActiveCfg = Debug|Any CPU
		{696B9491-1324-4AD1-BD16-7933B249643F}.Debug|Any CPU.Build.0 = Debug|Any CPU
		{696B9491-1324-4AD1-BD16-7933B249643F}.Release|Any CPU.ActiveCfg = Release|Any CPU
		{696B9491-1324-4AD1-BD16-7933B249643F}.Release|Any CPU.Build.0 = Release|Any CPU
		{F1C99067-2A35-452C-B1ED-F889C5433327}.Debug|Any CPU.ActiveCfg = Debug|Any CPU
		{F1C99067-2A35-452C-B1ED-F889C5433327}.Debug|Any CPU.Build.0 = Debug|Any CPU
		{F1C99067-2A35-452C-B1ED-F889C5433327}.Release|Any CPU.ActiveCfg = Release|Any CPU
		{F1C99067-2A35-452C-B1ED-F889C5433327}.Release|Any CPU.Build.0 = Release|Any CPU
		{DBF33AE1-D255-4EE5-A00D-B1B4148B34ED}.Debug|Any CPU.ActiveCfg = Debug|Any CPU
		{DBF33AE1-D255-4EE5-A00D-B1B4148B34ED}.Debug|Any CPU.Build.0 = Debug|Any CPU
		{DBF33AE1-D255-4EE5-A00D-B1B4148B34ED}.Release|Any CPU.ActiveCfg = Release|Any CPU
		{DBF33AE1-D255-4EE5-A00D-B1B4148B34ED}.Release|Any CPU.Build.0 = Release|Any CPU
		{0486E840-BF53-4C05-A20A-748845AE74DB}.Debug|Any CPU.ActiveCfg = Debug|Any CPU
		{0486E840-BF53-4C05-A20A-748845AE74DB}.Debug|Any CPU.Build.0 = Debug|Any CPU
		{0486E840-BF53-4C05-A20A-748845AE74DB}.Release|Any CPU.ActiveCfg = Release|Any CPU
		{0486E840-BF53-4C05-A20A-748845AE74DB}.Release|Any CPU.Build.0 = Release|Any CPU
		{0193B533-C0FE-4700-9E6F-7081A03FFCA2}.Debug|Any CPU.ActiveCfg = Debug|Any CPU
		{0193B533-C0FE-4700-9E6F-7081A03FFCA2}.Debug|Any CPU.Build.0 = Debug|Any CPU
		{0193B533-C0FE-4700-9E6F-7081A03FFCA2}.Release|Any CPU.ActiveCfg = Release|Any CPU
		{0193B533-C0FE-4700-9E6F-7081A03FFCA2}.Release|Any CPU.Build.0 = Release|Any CPU
		{1DB31161-12F3-4355-AC42-0CD2BAE22787}.Debug|Any CPU.ActiveCfg = Debug|Any CPU
		{1DB31161-12F3-4355-AC42-0CD2BAE22787}.Debug|Any CPU.Build.0 = Debug|Any CPU
		{1DB31161-12F3-4355-AC42-0CD2BAE22787}.Release|Any CPU.ActiveCfg = Release|Any CPU
		{1DB31161-12F3-4355-AC42-0CD2BAE22787}.Release|Any CPU.Build.0 = Release|Any CPU
		{73B1203A-49FB-489A-99CB-AE2808E63076}.Debug|Any CPU.ActiveCfg = Debug|Any CPU
		{73B1203A-49FB-489A-99CB-AE2808E63076}.Debug|Any CPU.Build.0 = Debug|Any CPU
		{73B1203A-49FB-489A-99CB-AE2808E63076}.Release|Any CPU.ActiveCfg = Release|Any CPU
		{73B1203A-49FB-489A-99CB-AE2808E63076}.Release|Any CPU.Build.0 = Release|Any CPU
		{B90AFC8D-B93A-4380-B480-7B2914D84A87}.Debug|Any CPU.ActiveCfg = Debug|Any CPU
		{B90AFC8D-B93A-4380-B480-7B2914D84A87}.Debug|Any CPU.Build.0 = Debug|Any CPU
		{B90AFC8D-B93A-4380-B480-7B2914D84A87}.Release|Any CPU.ActiveCfg = Release|Any CPU
		{B90AFC8D-B93A-4380-B480-7B2914D84A87}.Release|Any CPU.Build.0 = Release|Any CPU
		{B4DF767A-3F98-4095-83D3-7EDD1D62D2E7}.Debug|Any CPU.ActiveCfg = Debug|Any CPU
		{B4DF767A-3F98-4095-83D3-7EDD1D62D2E7}.Debug|Any CPU.Build.0 = Debug|Any CPU
		{B4DF767A-3F98-4095-83D3-7EDD1D62D2E7}.Release|Any CPU.ActiveCfg = Release|Any CPU
		{B4DF767A-3F98-4095-83D3-7EDD1D62D2E7}.Release|Any CPU.Build.0 = Release|Any CPU
		{D1384B50-64B5-4811-B40C-93B0BA6CDBC1}.Debug|Any CPU.ActiveCfg = Debug|Any CPU
		{D1384B50-64B5-4811-B40C-93B0BA6CDBC1}.Debug|Any CPU.Build.0 = Debug|Any CPU
		{D1384B50-64B5-4811-B40C-93B0BA6CDBC1}.Release|Any CPU.ActiveCfg = Release|Any CPU
		{D1384B50-64B5-4811-B40C-93B0BA6CDBC1}.Release|Any CPU.Build.0 = Release|Any CPU
		{77F46734-DECA-4711-9B3E-A880A9910B30}.Debug|Any CPU.ActiveCfg = Debug|Any CPU
		{77F46734-DECA-4711-9B3E-A880A9910B30}.Debug|Any CPU.Build.0 = Debug|Any CPU
		{77F46734-DECA-4711-9B3E-A880A9910B30}.Release|Any CPU.ActiveCfg = Release|Any CPU
		{77F46734-DECA-4711-9B3E-A880A9910B30}.Release|Any CPU.Build.0 = Release|Any CPU
		{F49C94B1-D2B5-4ED1-BE90-263CC18FF123}.Debug|Any CPU.ActiveCfg = Debug|Any CPU
		{F49C94B1-D2B5-4ED1-BE90-263CC18FF123}.Debug|Any CPU.Build.0 = Debug|Any CPU
		{F49C94B1-D2B5-4ED1-BE90-263CC18FF123}.Release|Any CPU.ActiveCfg = Release|Any CPU
		{F49C94B1-D2B5-4ED1-BE90-263CC18FF123}.Release|Any CPU.Build.0 = Release|Any CPU
		{AC82159E-2B17-460A-A3FA-0A45FC698A7D}.Debug|Any CPU.ActiveCfg = Debug|Any CPU
		{AC82159E-2B17-460A-A3FA-0A45FC698A7D}.Debug|Any CPU.Build.0 = Debug|Any CPU
		{AC82159E-2B17-460A-A3FA-0A45FC698A7D}.Release|Any CPU.ActiveCfg = Release|Any CPU
		{AC82159E-2B17-460A-A3FA-0A45FC698A7D}.Release|Any CPU.Build.0 = Release|Any CPU
		{1E362AD3-B5ED-451B-B8CC-F1BFE42950FB}.Debug|Any CPU.ActiveCfg = Debug|Any CPU
		{1E362AD3-B5ED-451B-B8CC-F1BFE42950FB}.Debug|Any CPU.Build.0 = Debug|Any CPU
		{1E362AD3-B5ED-451B-B8CC-F1BFE42950FB}.Release|Any CPU.ActiveCfg = Release|Any CPU
		{1E362AD3-B5ED-451B-B8CC-F1BFE42950FB}.Release|Any CPU.Build.0 = Release|Any CPU
		{E2EFB44F-6553-4331-BC6D-7378B42FF545}.Debug|Any CPU.ActiveCfg = Debug|Any CPU
		{E2EFB44F-6553-4331-BC6D-7378B42FF545}.Debug|Any CPU.Build.0 = Debug|Any CPU
		{E2EFB44F-6553-4331-BC6D-7378B42FF545}.Release|Any CPU.ActiveCfg = Release|Any CPU
		{E2EFB44F-6553-4331-BC6D-7378B42FF545}.Release|Any CPU.Build.0 = Release|Any CPU
		{B1C3820F-FFE9-4C68-98DF-587D8D628A20}.Debug|Any CPU.ActiveCfg = Debug|Any CPU
		{B1C3820F-FFE9-4C68-98DF-587D8D628A20}.Debug|Any CPU.Build.0 = Debug|Any CPU
		{B1C3820F-FFE9-4C68-98DF-587D8D628A20}.Release|Any CPU.ActiveCfg = Release|Any CPU
		{B1C3820F-FFE9-4C68-98DF-587D8D628A20}.Release|Any CPU.Build.0 = Release|Any CPU
	EndGlobalSection
	GlobalSection(SolutionProperties) = preSolution
		HideSolutionNode = FALSE
	EndGlobalSection
	GlobalSection(NestedProjects) = preSolution
		{D852FE3C-68DE-4CD2-A705-52C559BBF9CD} = {102CC4C4-A8C8-461E-8EE7-34F106D423E9}
		{22A43BCE-1A97-4044-9DEE-2D33FC5E3540} = {102CC4C4-A8C8-461E-8EE7-34F106D423E9}
		{F1512071-90DD-4990-85C2-4140F6980C6A} = {102CC4C4-A8C8-461E-8EE7-34F106D423E9}
		{A92E2259-EAA4-474A-8D3B-5DE089EF8499} = {102CC4C4-A8C8-461E-8EE7-34F106D423E9}
		{9EA0B0DB-F9BF-41FB-9D6D-A6B0C512D8FC} = {D852FE3C-68DE-4CD2-A705-52C559BBF9CD}
		{23C9E153-E0F8-44B7-8464-4CB7DB38F901} = {9EA0B0DB-F9BF-41FB-9D6D-A6B0C512D8FC}
		{A098CB70-BD6A-4AEA-B32A-659B1BE2D0AA} = {22A43BCE-1A97-4044-9DEE-2D33FC5E3540}
		{39EC5118-1745-4E80-AD5C-1969FF632ED7} = {A098CB70-BD6A-4AEA-B32A-659B1BE2D0AA}
		{F5068639-95BF-4541-8E56-B0DFC3EDF509} = {A098CB70-BD6A-4AEA-B32A-659B1BE2D0AA}
		{0C325210-F54E-48AA-B129-EB0686415FB5} = {A098CB70-BD6A-4AEA-B32A-659B1BE2D0AA}
		{BF0542DD-DDF2-4650-971A-900704AB30BD} = {A098CB70-BD6A-4AEA-B32A-659B1BE2D0AA}
		{FE212B4D-275C-4EAB-8387-B4726B4AE5A3} = {A92E2259-EAA4-474A-8D3B-5DE089EF8499}
		{8B8F5CFA-F268-4C27-A230-FBB09EB837E1} = {FE212B4D-275C-4EAB-8387-B4726B4AE5A3}
		{80CE2525-473D-4259-B2A2-5F4462C85753} = {F1512071-90DD-4990-85C2-4140F6980C6A}
		{20009836-B87B-4390-A3DF-7B5C791FECAC} = {80CE2525-473D-4259-B2A2-5F4462C85753}
		{C64FEA85-0370-4B40-A468-EBB7AB59BA92} = {F1512071-90DD-4990-85C2-4140F6980C6A}
		{9566E915-0F72-4CBF-ADAF-34236BC2818E} = {C64FEA85-0370-4B40-A468-EBB7AB59BA92}
		{4979C7B3-E661-4D64-8CD4-965088F0D770} = {F1512071-90DD-4990-85C2-4140F6980C6A}
		{AD0EF70D-2658-453A-8740-54175F7FB0B2} = {4979C7B3-E661-4D64-8CD4-965088F0D770}
		{0F707ADE-C207-4C5D-9B95-4EF6BEC2645E} = {F1512071-90DD-4990-85C2-4140F6980C6A}
		{9651BF55-936F-4867-B541-1D3314EC8063} = {0F707ADE-C207-4C5D-9B95-4EF6BEC2645E}
		{3D07FDF8-3AF0-406E-A821-02112A5FA266} = {F1512071-90DD-4990-85C2-4140F6980C6A}
		{971F0F26-79D5-4CDF-A5DA-9E63F2355D21} = {3D07FDF8-3AF0-406E-A821-02112A5FA266}
		{696B9491-1324-4AD1-BD16-7933B249643F} = {3D07FDF8-3AF0-406E-A821-02112A5FA266}
		{F1C99067-2A35-452C-B1ED-F889C5433327} = {3D07FDF8-3AF0-406E-A821-02112A5FA266}
		{DBF33AE1-D255-4EE5-A00D-B1B4148B34ED} = {3D07FDF8-3AF0-406E-A821-02112A5FA266}
		{105C2EEA-A99C-4FDF-8902-156AFCA1EB27} = {F1512071-90DD-4990-85C2-4140F6980C6A}
		{0486E840-BF53-4C05-A20A-748845AE74DB} = {105C2EEA-A99C-4FDF-8902-156AFCA1EB27}
		{0193B533-C0FE-4700-9E6F-7081A03FFCA2} = {80CE2525-473D-4259-B2A2-5F4462C85753}
		{1DB31161-12F3-4355-AC42-0CD2BAE22787} = {80CE2525-473D-4259-B2A2-5F4462C85753}
		{73B1203A-49FB-489A-99CB-AE2808E63076} = {80CE2525-473D-4259-B2A2-5F4462C85753}
		{B90AFC8D-B93A-4380-B480-7B2914D84A87} = {C64FEA85-0370-4B40-A468-EBB7AB59BA92}
		{B4DF767A-3F98-4095-83D3-7EDD1D62D2E7} = {C64FEA85-0370-4B40-A468-EBB7AB59BA92}
		{D1384B50-64B5-4811-B40C-93B0BA6CDBC1} = {C64FEA85-0370-4B40-A468-EBB7AB59BA92}
		{77F46734-DECA-4711-9B3E-A880A9910B30} = {105C2EEA-A99C-4FDF-8902-156AFCA1EB27}
		{F49C94B1-D2B5-4ED1-BE90-263CC18FF123} = {105C2EEA-A99C-4FDF-8902-156AFCA1EB27}
		{AC82159E-2B17-460A-A3FA-0A45FC698A7D} = {105C2EEA-A99C-4FDF-8902-156AFCA1EB27}
		{1E362AD3-B5ED-451B-B8CC-F1BFE42950FB} = {4979C7B3-E661-4D64-8CD4-965088F0D770}
		{E2EFB44F-6553-4331-BC6D-7378B42FF545} = {4979C7B3-E661-4D64-8CD4-965088F0D770}
		{B1C3820F-FFE9-4C68-98DF-587D8D628A20} = {4979C7B3-E661-4D64-8CD4-965088F0D770}
	EndGlobalSection
	GlobalSection(ExtensibilityGlobals) = postSolution
		SolutionGuid = {9F6953B2-1F51-4CD7-A0D2-F1260DBAA8A3}
	EndGlobalSection
EndGlobal
